// !$*UTF8*$!
{
	archiveVersion = 1;
	classes = {
	};
	objectVersion = 77;
	objects = {

/* Begin PBXBuildFile section */
		324648FC2F440B66009CFEA1 /* IngredientLinksView.swift in Sources */ = {isa = PBXBuildFile; fileRef = 324648FB2F440B66009CFEA1 /* IngredientLinksView.swift */; };
		324648FE2F440B67009CFEA1 /* BuyIngredientsCTA.swift in Sources */ = {isa = PBXBuildFile; fileRef = 324648FD2F440B67009CFEA1 /* BuyIngredientsCTA.swift */; };
/* End PBXBuildFile section */

/* Begin PBXContainerItemProxy section */
		3260D0562F2972C7005A1395 /* PBXContainerItemProxy */ = {
			isa = PBXContainerItemProxy;
			containerPortal = 3260D0402F2972C5005A1395 /* Project object */;
			proxyType = 1;
			remoteGlobalIDString = 3260D0472F2972C5005A1395;
			remoteInfo = foodieAIApp;
		};
		3260D0602F2972C7005A1395 /* PBXContainerItemProxy */ = {
			isa = PBXContainerItemProxy;
			containerPortal = 3260D0402F2972C5005A1395 /* Project object */;
			proxyType = 1;
			remoteGlobalIDString = 3260D0472F2972C5005A1395;
			remoteInfo = foodieAIApp;
		};
/* End PBXContainerItemProxy section */

/* Begin PBXFileReference section */
		324648FB2F440B66009CFEA1 /* IngredientLinksView.swift */ = {isa = PBXFileReference; lastKnownFileType = sourcecode.swift; path = IngredientLinksView.swift; sourceTree = "<group>"; };
		324648FD2F440B67009CFEA1 /* BuyIngredientsCTA.swift */ = {isa = PBXFileReference; lastKnownFileType = sourcecode.swift; path = BuyIngredientsCTA.swift; sourceTree = "<group>"; };
		3260D0482F2972C5005A1395 /* foodieAIApp.app */ = {isa = PBXFileReference; explicitFileType = wrapper.application; includeInIndex = 0; path = foodieAIApp.app; sourceTree = BUILT_PRODUCTS_DIR; };
		3260D0552F2972C7005A1395 /* foodieAIAppTests.xctest */ = {isa = PBXFileReference; explicitFileType = wrapper.cfbundle; includeInIndex = 0; path = foodieAIAppTests.xctest; sourceTree = BUILT_PRODUCTS_DIR; };
		3260D05F2F2972C7005A1395 /* foodieAIAppUITests.xctest */ = {isa = PBXFileReference; explicitFileType = wrapper.cfbundle; includeInIndex = 0; path = foodieAIAppUITests.xctest; sourceTree = BUILT_PRODUCTS_DIR; };
/* End PBXFileReference section */

/* Begin PBXFileSystemSynchronizedRootGroup section */
		3260D04A2F2972C5005A1395 /* foodieAIApp */ = {
			isa = PBXFileSystemSynchronizedRootGroup;
			path = foodieAIApp;
			sourceTree = "<group>";
		};
		3260D0582F2972C7005A1395 /* foodieAIAppTests */ = {
			isa = PBXFileSystemSynchronizedRootGroup;
			path = foodieAIAppTests;
			sourceTree = "<group>";
		};
		3260D0622F2972C7005A1395 /* foodieAIAppUITests */ = {
			isa = PBXFileSystemSynchronizedRootGroup;
			path = foodieAIAppUITests;
			sourceTree = "<group>";
		};
/* End PBXFileSystemSynchronizedRootGroup section */

/* Begin PBXFrameworksBuildPhase section */
		3260D0452F2972C5005A1395 /* Frameworks */ = {
			isa = PBXFrameworksBuildPhase;
			buildActionMask = 2147483647;
			files = (
			);
			runOnlyForDeploymentPostprocessing = 0;
		};
		3260D0522F2972C7005A1395 /* Frameworks */ = {
			isa = PBXFrameworksBuildPhase;
			buildActionMask = 2147483647;
			files = (
			);
			runOnlyForDeploymentPostprocessing = 0;
		};
		3260D05C2F2972C7005A1395 /* Frameworks */ = {
			isa = PBXFrameworksBuildPhase;
			buildActionMask = 2147483647;
			files = (
			);
			runOnlyForDeploymentPostprocessing = 0;
		};
/* End PBXFrameworksBuildPhase section */

/* Begin PBXGroup section */
		3260D03F2F2972C5005A1395 = {
			isa = PBXGroup;
			children = (
				3260D04A2F2972C5005A1395 /* foodieAIApp */,
				3260D0582F2972C7005A1395 /* foodieAIAppTests */,
				3260D0622F2972C7005A1395 /* foodieAIAppUITests */,
				3260D0492F2972C5005A1395 /* Products */,
				324648FB2F440B66009CFEA1 /* IngredientLinksView.swift */,
				324648FD2F440B67009CFEA1 /* BuyIngredientsCTA.swift */,
			);
			sourceTree = "<group>";
		};
		3260D0492F2972C5005A1395 /* Products */ = {
			isa = PBXGroup;
			children = (
				3260D0482F2972C5005A1395 /* foodieAIApp.app */,
				3260D0552F2972C7005A1395 /* foodieAIAppTests.xctest */,
				3260D05F2F2972C7005A1395 /* foodieAIAppUITests.xctest */,
			);
			name = Products;
			sourceTree = "<group>";
		};
/* End PBXGroup section */

/* Begin PBXNativeTarget section */
		3260D0472F2972C5005A1395 /* foodieAIApp */ = {
			isa = PBXNativeTarget;
			buildConfigurationList = 3260D0692F2972C7005A1395 /* Build configuration list for PBXNativeTarget "foodieAIApp" */;
			buildPhases = (
				3260D0442F2972C5005A1395 /* Sources */,
				3260D0452F2972C5005A1395 /* Frameworks */,
				3260D0462F2972C5005A1395 /* Resources */,
			);
			buildRules = (
			);
			dependencies = (
			);
			fileSystemSynchronizedGroups = (
				3260D04A2F2972C5005A1395 /* foodieAIApp */,
			);
			name = foodieAIApp;
			packageProductDependencies = (
			);
			productName = foodieAIApp;
			productReference = 3260D0482F2972C5005A1395 /* foodieAIApp.app */;
			productType = "com.apple.product-type.application";
		};
		3260D0542F2972C7005A1395 /* foodieAIAppTests */ = {
			isa = PBXNativeTarget;
			buildConfigurationList = 3260D06C2F2972C7005A1395 /* Build configuration list for PBXNativeTarget "foodieAIAppTests" */;
			buildPhases = (
				3260D0512F2972C7005A1395 /* Sources */,
				3260D0522F2972C7005A1395 /* Frameworks */,
				3260D0532F2972C7005A1395 /* Resources */,
			);
			buildRules = (
			);
			dependencies = (
				3260D0572F2972C7005A1395 /* PBXTargetDependency */,
			);
			fileSystemSynchronizedGroups = (
				3260D0582F2972C7005A1395 /* foodieAIAppTests */,
			);
			name = foodieAIAppTests;
			packageProductDependencies = (
			);
			productName = foodieAIAppTests;
			productReference = 3260D0552F2972C7005A1395 /* foodieAIAppTests.xctest */;
			productType = "com.apple.product-type.bundle.unit-test";
		};
		3260D05E2F2972C7005A1395 /* foodieAIAppUITests */ = {
			isa = PBXNativeTarget;
			buildConfigurationList = 3260D06F2F2972C7005A1395 /* Build configuration list for PBXNativeTarget "foodieAIAppUITests" */;
			buildPhases = (
				3260D05B2F2972C7005A1395 /* Sources */,
				3260D05C2F2972C7005A1395 /* Frameworks */,
				3260D05D2F2972C7005A1395 /* Resources */,
			);
			buildRules = (
			);
			dependencies = (
				3260D0612F2972C7005A1395 /* PBXTargetDependency */,
			);
			fileSystemSynchronizedGroups = (
				3260D0622F2972C7005A1395 /* foodieAIAppUITests */,
			);
			name = foodieAIAppUITests;
			packageProductDependencies = (
			);
			productName = foodieAIAppUITests;
			productReference = 3260D05F2F2972C7005A1395 /* foodieAIAppUITests.xctest */;
			productType = "com.apple.product-type.bundle.ui-testing";
		};
/* End PBXNativeTarget section */

/* Begin PBXProject section */
		3260D0402F2972C5005A1395 /* Project object */ = {
			isa = PBXProject;
			attributes = {
				BuildIndependentTargetsInParallel = 1;
				LastSwiftUpdateCheck = 2600;
				LastUpgradeCheck = 2600;
				TargetAttributes = {
					3260D0472F2972C5005A1395 = {
						CreatedOnToolsVersion = 26.0.1;
					};
					3260D0542F2972C7005A1395 = {
						CreatedOnToolsVersion = 26.0.1;
						TestTargetID = 3260D0472F2972C5005A1395;
					};
					3260D05E2F2972C7005A1395 = {
						CreatedOnToolsVersion = 26.0.1;
						TestTargetID = 3260D0472F2972C5005A1395;
					};
				};
			};
			buildConfigurationList = 3260D0432F2972C5005A1395 /* Build configuration list for PBXProject "foodieAIApp" */;
			developmentRegion = en;
			hasScannedForEncodings = 0;
			knownRegions = (
				en,
				Base,
			);
			mainGroup = 3260D03F2F2972C5005A1395;
			minimizedProjectReferenceProxies = 1;
			preferredProjectObjectVersion = 77;
			productRefGroup = 3260D0492F2972C5005A1395 /* Products */;
			projectDirPath = "";
			projectRoot = "";
			targets = (
				3260D0472F2972C5005A1395 /* foodieAIApp */,
				3260D0542F2972C7005A1395 /* foodieAIAppTests */,
				3260D05E2F2972C7005A1395 /* foodieAIAppUITests */,
			);
		};
/* End PBXProject section */

/* Begin PBXResourcesBuildPhase section */
		3260D0462F2972C5005A1395 /* Resources */ = {
			isa = PBXResourcesBuildPhase;
			buildActionMask = 2147483647;
			files = (
			);
			runOnlyForDeploymentPostprocessing = 0;
		};
		3260D0532F2972C7005A1395 /* Resources */ = {
			isa = PBXResourcesBuildPhase;
			buildActionMask = 2147483647;
			files = (
			);
			runOnlyForDeploymentPostprocessing = 0;
		};
		3260D05D2F2972C7005A1395 /* Resources */ = {
			isa = PBXResourcesBuildPhase;
			buildActionMask = 2147483647;
			files = (
			);
			runOnlyForDeploymentPostprocessing = 0;
		};
/* End PBXResourcesBuildPhase section */

/* Begin PBXSourcesBuildPhase section */
		3260D0442F2972C5005A1395 /* Sources */ = {
			isa = PBXSourcesBuildPhase;
			buildActionMask = 2147483647;
			files = (
				324648FE2F440B67009CFEA1 /* BuyIngredientsCTA.swift in Sources */,
				324648FC2F440B66009CFEA1 /* IngredientLinksView.swift in Sources */,
			);
			runOnlyForDeploymentPostprocessing = 0;
		};
		3260D0512F2972C7005A1395 /* Sources */ = {
			isa = PBXSourcesBuildPhase;
			buildActionMask = 2147483647;
			files = (
			);
			runOnlyForDeploymentPostprocessing = 0;
		};
		3260D05B2F2972C7005A1395 /* Sources */ = {
			isa = PBXSourcesBuildPhase;
			buildActionMask = 2147483647;
			files = (
			);
			runOnlyForDeploymentPostprocessing = 0;
		};
/* End PBXSourcesBuildPhase section */

/* Begin PBXTargetDependency section */
		3260D0572F2972C7005A1395 /* PBXTargetDependency */ = {
			isa = PBXTargetDependency;
			target = 3260D0472F2972C5005A1395 /* foodieAIApp */;
			targetProxy = 3260D0562F2972C7005A1395 /* PBXContainerItemProxy */;
		};
		3260D0612F2972C7005A1395 /* PBXTargetDependency */ = {
			isa = PBXTargetDependency;
			target = 3260D0472F2972C5005A1395 /* foodieAIApp */;
			targetProxy = 3260D0602F2972C7005A1395 /* PBXContainerItemProxy */;
		};
/* End PBXTargetDependency section */

/* Begin XCBuildConfiguration section */
		3260D0672F2972C7005A1395 /* Debug */ = {
			isa = XCBuildConfiguration;
			buildSettings = {
				ALWAYS_SEARCH_USER_PATHS = NO;
				ASSETCATALOG_COMPILER_GENERATE_SWIFT_ASSET_SYMBOL_EXTENSIONS = YES;
				CLANG_ANALYZER_NONNULL = YES;
				CLANG_ANALYZER_NUMBER_OBJECT_CONVERSION = YES_AGGRESSIVE;
				CLANG_CXX_LANGUAGE_STANDARD = "gnu++20";
				CLANG_ENABLE_MODULES = YES;
				CLANG_ENABLE_OBJC_ARC = YES;
				CLANG_ENABLE_OBJC_WEAK = YES;
				CLANG_WARN_BLOCK_CAPTURE_AUTORELEASING = YES;
				CLANG_WARN_BOOL_CONVERSION = YES;
				CLANG_WARN_COMMA = YES;
				CLANG_WARN_CONSTANT_CONVERSION = YES;
				CLANG_WARN_DEPRECATED_OBJC_IMPLEMENTATIONS = YES;
				CLANG_WARN_DIRECT_OBJC_ISA_USAGE = YES_ERROR;
				CLANG_WARN_DOCUMENTATION_COMMENTS = YES;
				CLANG_WARN_EMPTY_BODY = YES;
				CLANG_WARN_ENUM_CONVERSION = YES;
				CLANG_WARN_INFINITE_RECURSION = YES;
				CLANG_WARN_INT_CONVERSION = YES;
				CLANG_WARN_NON_LITERAL_NULL_CONVERSION = YES;
				CLANG_WARN_OBJC_IMPLICIT_RETAIN_SELF = YES;
				CLANG_WARN_OBJC_LITERAL_CONVERSION = YES;
				CLANG_WARN_OBJC_ROOT_CLASS = YES_ERROR;
				CLANG_WARN_QUOTED_INCLUDE_IN_FRAMEWORK_HEADER = YES;
				CLANG_WARN_RANGE_LOOP_ANALYSIS = YES;
				CLANG_WARN_STRICT_PROTOTYPES = YES;
				CLANG_WARN_SUSPICIOUS_MOVE = YES;
				CLANG_WARN_UNGUARDED_AVAILABILITY = YES_AGGRESSIVE;
				CLANG_WARN_UNREACHABLE_CODE = YES;
				CLANG_WARN__DUPLICATE_METHOD_MATCH = YES;
				COPY_PHASE_STRIP = NO;
				DEBUG_INFORMATION_FORMAT = dwarf;
				DEVELOPMENT_TEAM = 864932AHRY;
				ENABLE_STRICT_OBJC_MSGSEND = YES;
				ENABLE_TESTABILITY = YES;
				ENABLE_USER_SCRIPT_SANDBOXING = YES;
				GCC_C_LANGUAGE_STANDARD = gnu17;
				GCC_DYNAMIC_NO_PIC = NO;
				GCC_NO_COMMON_BLOCKS = YES;
				GCC_OPTIMIZATION_LEVEL = 0;
				GCC_PREPROCESSOR_DEFINITIONS = (
					"DEBUG=1",
					"$(inherited)",
				);
				GCC_WARN_64_TO_32_BIT_CONVERSION = YES;
				GCC_WARN_ABOUT_RETURN_TYPE = YES_ERROR;
				GCC_WARN_UNDECLARED_SELECTOR = YES;
				GCC_WARN_UNINITIALIZED_AUTOS = YES_AGGRESSIVE;
				GCC_WARN_UNUSED_FUNCTION = YES;
				GCC_WARN_UNUSED_VARIABLE = YES;
				IPHONEOS_DEPLOYMENT_TARGET = 17.0;
				LOCALIZATION_PREFERS_STRING_CATALOGS = YES;
				MTL_ENABLE_DEBUG_INFO = INCLUDE_SOURCE;
				MTL_FAST_MATH = YES;
				ONLY_ACTIVE_ARCH = YES;
				SDKROOT = iphoneos;
				SWIFT_ACTIVE_COMPILATION_CONDITIONS = "DEBUG $(inherited)";
				SWIFT_OPTIMIZATION_LEVEL = "-Onone";
			};
			name = Debug;
		};
		3260D0682F2972C7005A1395 /* Release */ = {
			isa = XCBuildConfiguration;
			buildSettings = {
				ALWAYS_SEARCH_USER_PATHS = NO;
				ASSETCATALOG_COMPILER_GENERATE_SWIFT_ASSET_SYMBOL_EXTENSIONS = YES;
				CLANG_ANALYZER_NONNULL = YES;
				CLANG_ANALYZER_NUMBER_OBJECT_CONVERSION = YES_AGGRESSIVE;
				CLANG_CXX_LANGUAGE_STANDARD = "gnu++20";
				CLANG_ENABLE_MODULES = YES;
				CLANG_ENABLE_OBJC_ARC = YES;
				CLANG_ENABLE_OBJC_WEAK = YES;
				CLANG_WARN_BLOCK_CAPTURE_AUTORELEASING = YES;
				CLANG_WARN_BOOL_CONVERSION = YES;
				CLANG_WARN_COMMA = YES;
				CLANG_WARN_CONSTANT_CONVERSION = YES;
				CLANG_WARN_DEPRECATED_OBJC_IMPLEMENTATIONS = YES;
				CLANG_WARN_DIRECT_OBJC_ISA_USAGE = YES_ERROR;
				CLANG_WARN_DOCUMENTATION_COMMENTS = YES;
				CLANG_WARN_EMPTY_BODY = YES;
				CLANG_WARN_ENUM_CONVERSION = YES;
				CLANG_WARN_INFINITE_RECURSION = YES;
				CLANG_WARN_INT_CONVERSION = YES;
				CLANG_WARN_NON_LITERAL_NULL_CONVERSION = YES;
				CLANG_WARN_OBJC_IMPLICIT_RETAIN_SELF = YES;
				CLANG_WARN_OBJC_LITERAL_CONVERSION = YES;
				CLANG_WARN_OBJC_ROOT_CLASS = YES_ERROR;
				CLANG_WARN_QUOTED_INCLUDE_IN_FRAMEWORK_HEADER = YES;
				CLANG_WARN_RANGE_LOOP_ANALYSIS = YES;
				CLANG_WARN_STRICT_PROTOTYPES = YES;
				CLANG_WARN_SUSPICIOUS_MOVE = YES;
				CLANG_WARN_UNGUARDED_AVAILABILITY = YES_AGGRESSIVE;
				CLANG_WARN_UNREACHABLE_CODE = YES;
				CLANG_WARN__DUPLICATE_METHOD_MATCH = YES;
				COPY_PHASE_STRIP = NO;
				DEBUG_INFORMATION_FORMAT = "dwarf-with-dsym";
				DEVELOPMENT_TEAM = 864932AHRY;
				ENABLE_NS_ASSERTIONS = NO;
				ENABLE_STRICT_OBJC_MSGSEND = YES;
				ENABLE_USER_SCRIPT_SANDBOXING = YES;
				GCC_C_LANGUAGE_STANDARD = gnu17;
				GCC_NO_COMMON_BLOCKS = YES;
				GCC_WARN_64_TO_32_BIT_CONVERSION = YES;
				GCC_WARN_ABOUT_RETURN_TYPE = YES_ERROR;
				GCC_WARN_UNDECLARED_SELECTOR = YES;
				GCC_WARN_UNINITIALIZED_AUTOS = YES_AGGRESSIVE;
				GCC_WARN_UNUSED_FUNCTION = YES;
				GCC_WARN_UNUSED_VARIABLE = YES;
				IPHONEOS_DEPLOYMENT_TARGET = 17.0;
				LOCALIZATION_PREFERS_STRING_CATALOGS = YES;
				MTL_ENABLE_DEBUG_INFO = NO;
				MTL_FAST_MATH = YES;
				SDKROOT = iphoneos;
				SWIFT_COMPILATION_MODE = wholemodule;
				VALIDATE_PRODUCT = YES;
			};
			name = Release;
		};
		3260D06A2F2972C7005A1395 /* Debug */ = {
			isa = XCBuildConfiguration;
			buildSettings = {
				ASSETCATALOG_COMPILER_APPICON_NAME = AppIcon;
				ASSETCATALOG_COMPILER_GLOBAL_ACCENT_COLOR_NAME = AccentColor;
				CODE_SIGN_STYLE = Automatic;
				CURRENT_PROJECT_VERSION = 1;
				DEVELOPMENT_TEAM = 864932AHRY;
				ENABLE_PREVIEWS = YES;
				GENERATE_INFOPLIST_FILE = YES;
				INFOPLIST_KEY_UIApplicationSceneManifest_Generation = YES;
				INFOPLIST_KEY_UIApplicationSupportsIndirectInputEvents = YES;
				INFOPLIST_KEY_UILaunchScreen_Generation = YES;
				INFOPLIST_KEY_UISupportedInterfaceOrientations_iPad = "UIInterfaceOrientationPortrait UIInterfaceOrientationPortraitUpsideDown UIInterfaceOrientationLandscapeLeft UIInterfaceOrientationLandscapeRight";
				INFOPLIST_KEY_UISupportedInterfaceOrientations_iPhone = "UIInterfaceOrientationPortrait UIInterfaceOrientationLandscapeLeft UIInterfaceOrientationLandscapeRight";
				LD_RUNPATH_SEARCH_PATHS = (
					"$(inherited)",
					"@executable_path/Frameworks",
				);
				MARKETING_VERSION = 1.0;
				PRODUCT_BUNDLE_IDENTIFIER = SJF.foodieAIApp;
				PRODUCT_NAME = "$(TARGET_NAME)";
				STRING_CATALOG_GENERATE_SYMBOLS = YES;
				SWIFT_APPROACHABLE_CONCURRENCY = YES;
				SWIFT_DEFAULT_ACTOR_ISOLATION = MainActor;
				SWIFT_EMIT_LOC_STRINGS = YES;
				SWIFT_UPCOMING_FEATURE_MEMBER_IMPORT_VISIBILITY = YES;
				SWIFT_VERSION = 5.0;
				TARGETED_DEVICE_FAMILY = "1,2";
			};
			name = Debug;
		};
		3260D06B2F2972C7005A1395 /* Release */ = {
			isa = XCBuildConfiguration;
			buildSettings = {
				ASSETCATALOG_COMPILER_APPICON_NAME = AppIcon;
				ASSETCATALOG_COMPILER_GLOBAL_ACCENT_COLOR_NAME = AccentColor;
				CODE_SIGN_STYLE = Automatic;
				CURRENT_PROJECT_VERSION = 1;
				DEVELOPMENT_TEAM = 864932AHRY;
				ENABLE_PREVIEWS = YES;
				GENERATE_INFOPLIST_FILE = YES;
				INFOPLIST_KEY_UIApplicationSceneManifest_Generation = YES;
				INFOPLIST_KEY_UIApplicationSupportsIndirectInputEvents = YES;
				INFOPLIST_KEY_UILaunchScreen_Generation = YES;
				INFOPLIST_KEY_UISupportedInterfaceOrientations_iPad = "UIInterfaceOrientationPortrait UIInterfaceOrientationPortraitUpsideDown UIInterfaceOrientationLandscapeLeft UIInterfaceOrientationLandscapeRight";
				INFOPLIST_KEY_UISupportedInterfaceOrientations_iPhone = "UIInterfaceOrientationPortrait UIInterfaceOrientationLandscapeLeft UIInterfaceOrientationLandscapeRight";
				LD_RUNPATH_SEARCH_PATHS = (
					"$(inherited)",
					"@executable_path/Frameworks",
				);
				MARKETING_VERSION = 1.0;
				PRODUCT_BUNDLE_IDENTIFIER = SJF.foodieAIApp;
				PRODUCT_NAME = "$(TARGET_NAME)";
				STRING_CATALOG_GENERATE_SYMBOLS = YES;
				SWIFT_APPROACHABLE_CONCURRENCY = YES;
				SWIFT_DEFAULT_ACTOR_ISOLATION = MainActor;
				SWIFT_EMIT_LOC_STRINGS = YES;
				SWIFT_UPCOMING_FEATURE_MEMBER_IMPORT_VISIBILITY = YES;
				SWIFT_VERSION = 5.0;
				TARGETED_DEVICE_FAMILY = "1,2";
			};
			name = Release;
		};
		3260D06D2F2972C7005A1395 /* Debug */ = {
			isa = XCBuildConfiguration;
			buildSettings = {
				BUNDLE_LOADER = "$(TEST_HOST)";
				CODE_SIGN_STYLE = Automatic;
				CURRENT_PROJECT_VERSION = 1;
				DEVELOPMENT_TEAM = 864932AHRY;
				GENERATE_INFOPLIST_FILE = YES;
				IPHONEOS_DEPLOYMENT_TARGET = 17.0;
				MARKETING_VERSION = 1.0;
				PRODUCT_BUNDLE_IDENTIFIER = SJF.foodieAIAppTests;
				PRODUCT_NAME = "$(TARGET_NAME)";
				STRING_CATALOG_GENERATE_SYMBOLS = NO;
				SWIFT_APPROACHABLE_CONCURRENCY = YES;
				SWIFT_EMIT_LOC_STRINGS = NO;
				SWIFT_UPCOMING_FEATURE_MEMBER_IMPORT_VISIBILITY = YES;
				SWIFT_VERSION = 5.0;
				TARGETED_DEVICE_FAMILY = "1,2";
				TEST_HOST = "$(BUILT_PRODUCTS_DIR)/foodieAIApp.app/$(BUNDLE_EXECUTABLE_FOLDER_PATH)/foodieAIApp";
			};
			name = Debug;
		};
		3260D06E2F2972C7005A1395 /* Release */ = {
			isa = XCBuildConfiguration;
			buildSettings = {
				BUNDLE_LOADER = "$(TEST_HOST)";
				CODE_SIGN_STYLE = Automatic;
				CURRENT_PROJECT_VERSION = 1;
				DEVELOPMENT_TEAM = 864932AHRY;
				GENERATE_INFOPLIST_FILE = YES;
				IPHONEOS_DEPLOYMENT_TARGET = 17.0;
				MARKETING_VERSION = 1.0;
				PRODUCT_BUNDLE_IDENTIFIER = SJF.foodieAIAppTests;
				PRODUCT_NAME = "$(TARGET_NAME)";
				STRING_CATALOG_GENERATE_SYMBOLS = NO;
				SWIFT_APPROACHABLE_CONCURRENCY = YES;
				SWIFT_EMIT_LOC_STRINGS = NO;
				SWIFT_UPCOMING_FEATURE_MEMBER_IMPORT_VISIBILITY = YES;
				SWIFT_VERSION = 5.0;
				TARGETED_DEVICE_FAMILY = "1,2";
				TEST_HOST = "$(BUILT_PRODUCTS_DIR)/foodieAIApp.app/$(BUNDLE_EXECUTABLE_FOLDER_PATH)/foodieAIApp";
			};
			name = Release;
		};
		3260D0702F2972C7005A1395 /* Debug */ = {
			isa = XCBuildConfiguration;
			buildSettings = {
				CODE_SIGN_STYLE = Automatic;
				CURRENT_PROJECT_VERSION = 1;
				DEVELOPMENT_TEAM = 864932AHRY;
				GENERATE_INFOPLIST_FILE = YES;
				MARKETING_VERSION = 1.0;
				PRODUCT_BUNDLE_IDENTIFIER = SJF.foodieAIAppUITests;
				PRODUCT_NAME = "$(TARGET_NAME)";
				STRING_CATALOG_GENERATE_SYMBOLS = NO;
				SWIFT_APPROACHABLE_CONCURRENCY = YES;
				SWIFT_EMIT_LOC_STRINGS = NO;
				SWIFT_UPCOMING_FEATURE_MEMBER_IMPORT_VISIBILITY = YES;
				SWIFT_VERSION = 5.0;
				TARGETED_DEVICE_FAMILY = "1,2";
				TEST_TARGET_NAME = foodieAIApp;
			};
			name = Debug;
		};
		3260D0712F2972C7005A1395 /* Release */ = {
			isa = XCBuildConfiguration;
			buildSettings = {
				CODE_SIGN_STYLE = Automatic;
				CURRENT_PROJECT_VERSION = 1;
				DEVELOPMENT_TEAM = 864932AHRY;
				GENERATE_INFOPLIST_FILE = YES;
				MARKETING_VERSION = 1.0;
				PRODUCT_BUNDLE_IDENTIFIER = SJF.foodieAIAppUITests;
				PRODUCT_NAME = "$(TARGET_NAME)";
				STRING_CATALOG_GENERATE_SYMBOLS = NO;
				SWIFT_APPROACHABLE_CONCURRENCY = YES;
				SWIFT_EMIT_LOC_STRINGS = NO;
				SWIFT_UPCOMING_FEATURE_MEMBER_IMPORT_VISIBILITY = YES;
				SWIFT_VERSION = 5.0;
				TARGETED_DEVICE_FAMILY = "1,2";
				TEST_TARGET_NAME = foodieAIApp;
			};
			name = Release;
		};
/* End XCBuildConfiguration section */

/* Begin XCConfigurationList section */
		3260D0432F2972C5005A1395 /* Build configuration list for PBXProject "foodieAIApp" */ = {
			isa = XCConfigurationList;
			buildConfigurations = (
				3260D0672F2972C7005A1395 /* Debug */,
				3260D0682F2972C7005A1395 /* Release */,
			);
			defaultConfigurationIsVisible = 0;
			defaultConfigurationName = Release;
		};
		3260D0692F2972C7005A1395 /* Build configuration list for PBXNativeTarget "foodieAIApp" */ = {
			isa = XCConfigurationList;
			buildConfigurations = (
				3260D06A2F2972C7005A1395 /* Debug */,
				3260D06B2F2972C7005A1395 /* Release */,
			);
			defaultConfigurationIsVisible = 0;
			defaultConfigurationName = Release;
		};
		3260D06C2F2972C7005A1395 /* Build configuration list for PBXNativeTarget "foodieAIAppTests" */ = {
			isa = XCConfigurationList;
			buildConfigurations = (
				3260D06D2F2972C7005A1395 /* Debug */,
				3260D06E2F2972C7005A1395 /* Release */,
			);
			defaultConfigurationIsVisible = 0;
			defaultConfigurationName = Release;
		};
		3260D06F2F2972C7005A1395 /* Build configuration list for PBXNativeTarget "foodieAIAppUITests" */ = {
			isa = XCConfigurationList;
			buildConfigurations = (
				3260D0702F2972C7005A1395 /* Debug */,
				3260D0712F2972C7005A1395 /* Release */,
			);
			defaultConfigurationIsVisible = 0;
			defaultConfigurationName = Release;
		};
/* End XCConfigurationList section */
	};
	rootObject = 3260D0402F2972C5005A1395 /* Project object */;
}
